schema: '2.0'
stages:
  data_ingestion:
    cmd: python src/cnnClassifier/pipeline/stage_01_data_ingestion.py
    deps:
    - path: config/config.yaml
      hash: md5
      md5: f3467512bbcb50a66f5c15e63f1dd144
      size: 818
    - path: src/cnnClassifier/pipeline/stage_01_data_ingestion.py
      hash: md5
      md5: 509937e9061d01f186826908de41b834
      size: 921
    outs:
    - path: artifacts/data_ingestion/Brain tumor Dataset
      hash: md5
      md5: c0f20a4e166e0dcbecb1c9878694a418.dir
      size: 46462950
      nfiles: 2000
  prepare_base_model:
    cmd: python src/cnnClassifier/pipeline/stage_02_prepare_base_model.py
    deps:
    - path: config/config.yaml
      hash: md5
      md5: f3467512bbcb50a66f5c15e63f1dd144
      size: 818
    - path: src/cnnClassifier/pipeline/stage_02_prepare_base_model.py
      hash: md5
      md5: fcb5db8e8b9b8d3e6f0ce6dd4b3b7a25
      size: 1014
    params:
      params.yaml:
        CLASSES: 4
        IMAGE_SIZE:
        - 224
        - 224
        - 3
        INCLUDE_TOP: false
        LEARNING_RATE: 0.01
        WEIGHTS: imagenet
    outs:
    - path: artifacts/prepare_base_model
      hash: md5
      md5: 5d774a8f7c5e03208c7efa7295c29d2d.dir
      size: 118274232
      nfiles: 2
  training:
    cmd: python src/cnnClassifier/pipeline/stage_03_training.py
    deps:
    - path: artifacts/data_ingestion/Brain tumor Dataset
      hash: md5
      md5: c0f20a4e166e0dcbecb1c9878694a418.dir
      size: 46462950
      nfiles: 2000
    - path: config/config.yaml
      hash: md5
      md5: f3467512bbcb50a66f5c15e63f1dd144
      size: 818
    - path: src/cnnClassifier/components/prepare_callbacks.py
      hash: md5
      md5: 8dcbcea3361d8793ee7cf4d044d6ab32
      size: 1010
    - path: src/cnnClassifier/pipeline/stage_03_training.py
      hash: md5
      md5: ccfbef9fa663b2d953bc7a659e7b86ef
      size: 1294
    params:
      params.yaml:
        AUGMENTATION: true
        BATCH_SIZE: 16
        EPOCHS: 1
        IMAGE_SIZE:
        - 224
        - 224
        - 3
        LEARNING_RATE: 0.01
    outs:
    - path: artifacts/training/model.h5
      hash: md5
      md5: 6ceb8b38fad02613f4178ce49d2157f3
      size: 60153368
  evaluation:
    cmd: python src/cnnClassifier/pipeline/stage_04_evaluation.py
    deps:
    - path: artifacts/data_ingestion/Brain tumor Dataset
      hash: md5
      md5: c0f20a4e166e0dcbecb1c9878694a418.dir
      size: 46462950
      nfiles: 2000
    - path: artifacts/training/model.h5
      hash: md5
      md5: 6ceb8b38fad02613f4178ce49d2157f3
      size: 60153368
    - path: config/config.yaml
      hash: md5
      md5: f3467512bbcb50a66f5c15e63f1dd144
      size: 818
    - path: src/cnnClassifier/pipeline/stage_04_evaluation.py
      hash: md5
      md5: f0bd93baa1d467bd440b41c076294e58
      size: 899
    params:
      params.yaml:
        BATCH_SIZE: 16
        IMAGE_SIZE:
        - 224
        - 224
        - 3
    outs:
    - path: scores.json
      hash: md5
      md5: 1c146ab05b081357b47f6c415f48acc5
      size: 73
